
Microsoft Visual Studio Solution File, Format Version 12.00
# Visual Studio Version 16
VisualStudioVersion = 16.0.29709.97
MinimumVisualStudioVersion = 10.0.40219.1
Project("{9A19103F-16F7-4668-BE54-9A1E7A4F7556}") = "ProxyHTTP", "ProxyHTTP\ProxyHTTP.csproj", "{8F084AE7-9221-4565-BC02-109A3394E024}"
EndProject
Project("{FAE04EC0-301F-11D3-BF4B-00C04F79EFBC}") = "ProxyHTTP.Test", "ProxyHTTP.Test\ProxyHTTP.Test.csproj", "{D59DD8CB-78BF-48B9-B5E3-C4596EF7BBDF}"
EndProject
Global
	GlobalSection(SolutionConfigurationPlatforms) = preSolution
		Debug|Any CPU = Debug|Any CPU
		Release|Any CPU = Release|Any CPU
	EndGlobalSection
	GlobalSection(ProjectConfigurationPlatforms) = postSolution
		{8F084AE7-9221-4565-BC02-109A3394E024}.Debug|Any CPU.ActiveCfg = Debug|Any CPU
		{8F084AE7-9221-4565-BC02-109A3394E024}.Debug|Any CPU.Build.0 = Debug|Any CPU
		{8F084AE7-9221-4565-BC02-109A3394E024}.Release|Any CPU.ActiveCfg = Release|Any CPU
		{8F084AE7-9221-4565-BC02-109A3394E024}.Release|Any CPU.Build.0 = Release|Any CPU
		{D59DD8CB-78BF-48B9-B5E3-C4596EF7BBDF}.Debug|Any CPU.ActiveCfg = Debug|Any CPU
		{D59DD8CB-78BF-48B9-B5E3-C4596EF7BBDF}.Debug|Any CPU.Build.0 = Debug|Any CPU
		{D59DD8CB-78BF-48B9-B5E3-C4596EF7BBDF}.Release|Any CPU.ActiveCfg = Release|Any CPU
		{D59DD8CB-78BF-48B9-B5E3-C4596EF7BBDF}.Release|Any CPU.Build.0 = Release|Any CPU
	EndGlobalSection
	GlobalSection(SolutionProperties) = preSolution
		HideSolutionNode = FALSE
	EndGlobalSection
	GlobalSection(ExtensibilityGlobals) = postSolution
		SolutionGuid = {829D9751-2152-416F-93D4-20E8C86D90E4}
	EndGlobalSection
EndGlobal
